
Microsoft Visual Studio Solution File, Format Version 12.00
Project("{FAE04EC0-301F-11D3-BF4B-00C04F79EFBC}") = "speedApp1", "speedApp1\speedApp1.csproj", "{1B5900B3-9276-4374-B246-49A9D6F93587}"
EndProject
Global
	GlobalSection(SolutionConfigurationPlatforms) = preSolution
		Debug|Any CPU = Debug|Any CPU
		Release|Any CPU = Release|Any CPU
	EndGlobalSection
	GlobalSection(ProjectConfigurationPlatforms) = postSolution
		{1B5900B3-9276-4374-B246-49A9D6F93587}.Debug|Any CPU.ActiveCfg = Debug|Any CPU
		{1B5900B3-9276-4374-B246-49A9D6F93587}.Debug|Any CPU.Build.0 = Debug|Any CPU
		{1B5900B3-9276-4374-B246-49A9D6F93587}.Release|Any CPU.ActiveCfg = Release|Any CPU
		{1B5900B3-9276-4374-B246-49A9D6F93587}.Release|Any CPU.Build.0 = Release|Any CPU
	EndGlobalSection
EndGlobal
